
Microsoft Visual Studio Solution File, Format Version 12.00
# Visual Studio 15
VisualStudioVersion = 15.0.28010.2041
MinimumVisualStudioVersion = 10.0.40219.1
Project("{FAE04EC0-301F-11D3-BF4B-00C04F79EFBC}") = "WindowsFormsApp1", "WindowsFormsApp1\WindowsFormsApp1.csproj", "{92DDD2EB-920C-4669-9DDB-43AC09E8737A}"
EndProject
Global
	GlobalSection(SolutionConfigurationPlatforms) = preSolution
		Debug|Any CPU = Debug|Any CPU
		Release|Any CPU = Release|Any CPU
	EndGlobalSection
	GlobalSection(ProjectConfigurationPlatforms) = postSolution
		{92DDD2EB-920C-4669-9DDB-43AC09E8737A}.Debug|Any CPU.ActiveCfg = Debug|Any CPU
		{92DDD2EB-920C-4669-9DDB-43AC09E8737A}.Debug|Any CPU.Build.0 = Debug|Any CPU
		{92DDD2EB-920C-4669-9DDB-43AC09E8737A}.Release|Any CPU.ActiveCfg = Release|Any CPU
		{92DDD2EB-920C-4669-9DDB-43AC09E8737A}.Release|Any CPU.Build.0 = Release|Any CPU
	EndGlobalSection
	GlobalSection(SolutionProperties) = preSolution
		HideSolutionNode = FALSE
	EndGlobalSection
	GlobalSection(ExtensibilityGlobals) = postSolution
		SolutionGuid = {675B9050-0830-4360-8098-877E1D0CFA36}
	EndGlobalSection
EndGlobal
